
Microsoft Visual Studio Solution File, Format Version 12.00
# Visual Studio Version 16
VisualStudioVersion = 16.0.31727.386
MinimumVisualStudioVersion = 10.0.40219.1
Project("{9A19103F-16F7-4668-BE54-9A1E7A4F7556}") = "BlazorProject.Client", "BlazorProject\Client\BlazorProject.Client.csproj", "{70C40D13-F84D-4136-9447-6896F6F74469}"
EndProject
Project("{9A19103F-16F7-4668-BE54-9A1E7A4F7556}") = "BlazorProject.Shared", "BlazorProject\Shared\BlazorProject.Shared.csproj", "{BC965309-F309-44C3-9A35-1237FCD51215}"
EndProject
Project("{FAE04EC0-301F-11D3-BF4B-00C04F79EFBC}") = "BlazorProject.Server", "BlazorProject.Server\BlazorProject.Server.csproj", "{795B4FEF-0FB8-4597-A56A-3885BE2DEA6D}"
EndProject
Global
	GlobalSection(SolutionConfigurationPlatforms) = preSolution
		Debug|Any CPU = Debug|Any CPU
		Release|Any CPU = Release|Any CPU
	EndGlobalSection
	GlobalSection(ProjectConfigurationPlatforms) = postSolution
		{70C40D13-F84D-4136-9447-6896F6F74469}.Debug|Any CPU.ActiveCfg = Debug|Any CPU
		{70C40D13-F84D-4136-9447-6896F6F74469}.Debug|Any CPU.Build.0 = Debug|Any CPU
		{70C40D13-F84D-4136-9447-6896F6F74469}.Release|Any CPU.ActiveCfg = Release|Any CPU
		{70C40D13-F84D-4136-9447-6896F6F74469}.Release|Any CPU.Build.0 = Release|Any CPU
		{BC965309-F309-44C3-9A35-1237FCD51215}.Debug|Any CPU.ActiveCfg = Debug|Any CPU
		{BC965309-F309-44C3-9A35-1237FCD51215}.Debug|Any CPU.Build.0 = Debug|Any CPU
		{BC965309-F309-44C3-9A35-1237FCD51215}.Release|Any CPU.ActiveCfg = Release|Any CPU
		{BC965309-F309-44C3-9A35-1237FCD51215}.Release|Any CPU.Build.0 = Release|Any CPU
		{795B4FEF-0FB8-4597-A56A-3885BE2DEA6D}.Debug|Any CPU.ActiveCfg = Debug|Any CPU
		{795B4FEF-0FB8-4597-A56A-3885BE2DEA6D}.Debug|Any CPU.Build.0 = Debug|Any CPU
		{795B4FEF-0FB8-4597-A56A-3885BE2DEA6D}.Release|Any CPU.ActiveCfg = Release|Any CPU
		{795B4FEF-0FB8-4597-A56A-3885BE2DEA6D}.Release|Any CPU.Build.0 = Release|Any CPU
	EndGlobalSection
	GlobalSection(SolutionProperties) = preSolution
		HideSolutionNode = FALSE
	EndGlobalSection
	GlobalSection(ExtensibilityGlobals) = postSolution
		SolutionGuid = {9CC38E9D-377B-4FD7-8558-798F5984186D}
	EndGlobalSection
EndGlobal
